{
  "originHash" : "8e30abd2961d5a5ea9d990ec6ea53a6ebeb5dad5665cfafd708c10f431cf2960",
  "pins" : [
    {
      "identity" : "swiftysound",
      "kind" : "remoteSourceControl",
      "location" : "https://github.com/adamcichy/SwiftySound.git",
      "state" : {
        "revision" : "72dbeaf4b4496b105bc731db05819dd16edc9449",
        "version" : "1.3.0"
      }
    }
  ],
  "version" : 3
}
