// !$*UTF8*$!
{
	archiveVersion = 1;
	classes = {
	};
	objectVersion = 56;
	objects = {

/* Begin PBXBuildFile section */
		F88E0F102BF906F300C7EE3E /* OfficeHuntAlphaApp.swift in Sources */ = {isa = PBXBuildFile; fileRef = F88E0F0F2BF906F300C7EE3E /* OfficeHuntAlphaApp.swift */; };
		F88E0F122BF906F300C7EE3E /* ContentView.swift in Sources */ = {isa = PBXBuildFile; fileRef = F88E0F112BF906F300C7EE3E /* ContentView.swift */; };
		F88E0F142BF906F400C7EE3E /* Assets.xcassets in Resources */ = {isa = PBXBuildFile; fileRef = F88E0F132BF906F400C7EE3E /* Assets.xcassets */; };
		F88E0F172BF906F400C7EE3E /* Preview Assets.xcassets in Resources */ = {isa = PBXBuildFile; fileRef = F88E0F162BF906F400C7EE3E /* Preview Assets.xcassets */; };
		F88E0F252BF9071A00C7EE3E /* CameraView.swift in Sources */ = {isa = PBXBuildFile; fileRef = F88E0F1E2BF9071A00C7EE3E /* CameraView.swift */; };
		F88E0F262BF9071A00C7EE3E /* DataModel.swift in Sources */ = {isa = PBXBuildFile; fileRef = F88E0F1F2BF9071A00C7EE3E /* DataModel.swift */; };
		F88E0F272BF9071A00C7EE3E /* Camera.swift in Sources */ = {isa = PBXBuildFile; fileRef = F88E0F202BF9071A00C7EE3E /* Camera.swift */; };
		F88E0F282BF9071A00C7EE3E /* LeftPlayerInfoView.swift in Sources */ = {isa = PBXBuildFile; fileRef = F88E0F212BF9071A00C7EE3E /* LeftPlayerInfoView.swift */; };
		F88E0F292BF9071A00C7EE3E /* ViewfinderView.swift in Sources */ = {isa = PBXBuildFile; fileRef = F88E0F222BF9071A00C7EE3E /* ViewfinderView.swift */; };
		F88E0F2A2BF9071A00C7EE3E /* RightPlayerInfoView.swift in Sources */ = {isa = PBXBuildFile; fileRef = F88E0F232BF9071A00C7EE3E /* RightPlayerInfoView.swift */; };
		F88E0F2F2BF9075D00C7EE3E /* RedCross.png in Resources */ = {isa = PBXBuildFile; fileRef = F88E0F2C2BF9075D00C7EE3E /* RedCross.png */; };
		F88E0F302BF9075D00C7EE3E /* GreenCheck.png in Resources */ = {isa = PBXBuildFile; fileRef = F88E0F2D2BF9075D00C7EE3E /* GreenCheck.png */; };
		F88E0F312BF9075D00C7EE3E /* OfficeHuntLogo.png in Resources */ = {isa = PBXBuildFile; fileRef = F88E0F2E2BF9075D00C7EE3E /* OfficeHuntLogo.png */; };
		F88E0F372BF9076D00C7EE3E /* LondrinaSolid-Black.ttf in Resources */ = {isa = PBXBuildFile; fileRef = F88E0F322BF9076D00C7EE3E /* LondrinaSolid-Black.ttf */; };
		F88E0F382BF9076D00C7EE3E /* LondrinaSolid-Light.ttf in Resources */ = {isa = PBXBuildFile; fileRef = F88E0F332BF9076D00C7EE3E /* LondrinaSolid-Light.ttf */; };
		F88E0F392BF9076D00C7EE3E /* LondrinaSolid-Regular.ttf in Resources */ = {isa = PBXBuildFile; fileRef = F88E0F342BF9076D00C7EE3E /* LondrinaSolid-Regular.ttf */; };
		F88E0F3A2BF9076D00C7EE3E /* LondrinaSolid-Thin.ttf in Resources */ = {isa = PBXBuildFile; fileRef = F88E0F352BF9076D00C7EE3E /* LondrinaSolid-Thin.ttf */; };
		F88E0F422BF9077E00C7EE3E /* airhorn.mp3 in Resources */ = {isa = PBXBuildFile; fileRef = F88E0F3B2BF9077D00C7EE3E /* airhorn.mp3 */; };
		F88E0F432BF9077E00C7EE3E /* dingOnce.mp3 in Resources */ = {isa = PBXBuildFile; fileRef = F88E0F3C2BF9077D00C7EE3E /* dingOnce.mp3 */; };
		F88E0F442BF9077E00C7EE3E /* femaleCountdown.wav in Resources */ = {isa = PBXBuildFile; fileRef = F88E0F3D2BF9077D00C7EE3E /* femaleCountdown.wav */; };
		F88E0F452BF9077E00C7EE3E /* initialCountdown.wav in Resources */ = {isa = PBXBuildFile; fileRef = F88E0F3E2BF9077D00C7EE3E /* initialCountdown.wav */; };
		F88E0F462BF9077E00C7EE3E /* runamok.mp3 in Resources */ = {isa = PBXBuildFile; fileRef = F88E0F3F2BF9077D00C7EE3E /* runamok.mp3 */; };
		F88E0F472BF9077E00C7EE3E /* victory.mp3 in Resources */ = {isa = PBXBuildFile; fileRef = F88E0F402BF9077D00C7EE3E /* victory.mp3 */; };
		F88E0F4A2BF907A800C7EE3E /* SwiftySound in Frameworks */ = {isa = PBXBuildFile; productRef = F88E0F492BF907A800C7EE3E /* SwiftySound */; };
/* End PBXBuildFile section */

/* Begin PBXFileReference section */
		F88E0F0C2BF906F300C7EE3E /* OfficeHuntAlpha.app */ = {isa = PBXFileReference; explicitFileType = wrapper.application; includeInIndex = 0; path = OfficeHuntAlpha.app; sourceTree = BUILT_PRODUCTS_DIR; };
		F88E0F0F2BF906F300C7EE3E /* OfficeHuntAlphaApp.swift */ = {isa = PBXFileReference; lastKnownFileType = sourcecode.swift; path = OfficeHuntAlphaApp.swift; sourceTree = "<group>"; };
		F88E0F112BF906F300C7EE3E /* ContentView.swift */ = {isa = PBXFileReference; lastKnownFileType = sourcecode.swift; path = ContentView.swift; sourceTree = "<group>"; };
		F88E0F132BF906F400C7EE3E /* Assets.xcassets */ = {isa = PBXFileReference; lastKnownFileType = folder.assetcatalog; path = Assets.xcassets; sourceTree = "<group>"; };
		F88E0F162BF906F400C7EE3E /* Preview Assets.xcassets */ = {isa = PBXFileReference; lastKnownFileType = folder.assetcatalog; path = "Preview Assets.xcassets"; sourceTree = "<group>"; };
		F88E0F182BF906F400C7EE3E /* OfficeHuntAlpha.entitlements */ = {isa = PBXFileReference; lastKnownFileType = text.plist.entitlements; path = OfficeHuntAlpha.entitlements; sourceTree = "<group>"; };
		F88E0F1E2BF9071A00C7EE3E /* CameraView.swift */ = {isa = PBXFileReference; fileEncoding = 4; lastKnownFileType = sourcecode.swift; path = CameraView.swift; sourceTree = "<group>"; };
		F88E0F1F2BF9071A00C7EE3E /* DataModel.swift */ = {isa = PBXFileReference; fileEncoding = 4; lastKnownFileType = sourcecode.swift; path = DataModel.swift; sourceTree = "<group>"; };
		F88E0F202BF9071A00C7EE3E /* Camera.swift */ = {isa = PBXFileReference; fileEncoding = 4; lastKnownFileType = sourcecode.swift; path = Camera.swift; sourceTree = "<group>"; };
		F88E0F212BF9071A00C7EE3E /* LeftPlayerInfoView.swift */ = {isa = PBXFileReference; fileEncoding = 4; lastKnownFileType = sourcecode.swift; path = LeftPlayerInfoView.swift; sourceTree = "<group>"; };
		F88E0F222BF9071A00C7EE3E /* ViewfinderView.swift */ = {isa = PBXFileReference; fileEncoding = 4; lastKnownFileType = sourcecode.swift; path = ViewfinderView.swift; sourceTree = "<group>"; };
		F88E0F232BF9071A00C7EE3E /* RightPlayerInfoView.swift */ = {isa = PBXFileReference; fileEncoding = 4; lastKnownFileType = sourcecode.swift; path = RightPlayerInfoView.swift; sourceTree = "<group>"; };
		F88E0F2C2BF9075D00C7EE3E /* RedCross.png */ = {isa = PBXFileReference; lastKnownFileType = image.png; path = RedCross.png; sourceTree = "<group>"; };
		F88E0F2D2BF9075D00C7EE3E /* GreenCheck.png */ = {isa = PBXFileReference; lastKnownFileType = image.png; path = GreenCheck.png; sourceTree = "<group>"; };
		F88E0F2E2BF9075D00C7EE3E /* OfficeHuntLogo.png */ = {isa = PBXFileReference; lastKnownFileType = image.png; path = OfficeHuntLogo.png; sourceTree = "<group>"; };
		F88E0F322BF9076D00C7EE3E /* LondrinaSolid-Black.ttf */ = {isa = PBXFileReference; lastKnownFileType = file; path = "LondrinaSolid-Black.ttf"; sourceTree = "<group>"; };
		F88E0F332BF9076D00C7EE3E /* LondrinaSolid-Light.ttf */ = {isa = PBXFileReference; lastKnownFileType = file; path = "LondrinaSolid-Light.ttf"; sourceTree = "<group>"; };
		F88E0F342BF9076D00C7EE3E /* LondrinaSolid-Regular.ttf */ = {isa = PBXFileReference; lastKnownFileType = file; path = "LondrinaSolid-Regular.ttf"; sourceTree = "<group>"; };
		F88E0F352BF9076D00C7EE3E /* LondrinaSolid-Thin.ttf */ = {isa = PBXFileReference; lastKnownFileType = file; path = "LondrinaSolid-Thin.ttf"; sourceTree = "<group>"; };
		F88E0F3B2BF9077D00C7EE3E /* airhorn.mp3 */ = {isa = PBXFileReference; lastKnownFileType = audio.mp3; path = airhorn.mp3; sourceTree = "<group>"; };
		F88E0F3C2BF9077D00C7EE3E /* dingOnce.mp3 */ = {isa = PBXFileReference; lastKnownFileType = audio.mp3; path = dingOnce.mp3; sourceTree = "<group>"; };
		F88E0F3D2BF9077D00C7EE3E /* femaleCountdown.wav */ = {isa = PBXFileReference; lastKnownFileType = audio.wav; path = femaleCountdown.wav; sourceTree = "<group>"; };
		F88E0F3E2BF9077D00C7EE3E /* initialCountdown.wav */ = {isa = PBXFileReference; lastKnownFileType = audio.wav; path = initialCountdown.wav; sourceTree = "<group>"; };
		F88E0F3F2BF9077D00C7EE3E /* runamok.mp3 */ = {isa = PBXFileReference; lastKnownFileType = audio.mp3; path = runamok.mp3; sourceTree = "<group>"; };
		F88E0F402BF9077D00C7EE3E /* victory.mp3 */ = {isa = PBXFileReference; lastKnownFileType = audio.mp3; path = victory.mp3; sourceTree = "<group>"; };
		F88E0F4B2BF9098F00C7EE3E /* Info.plist */ = {isa = PBXFileReference; lastKnownFileType = text.plist; path = Info.plist; sourceTree = "<group>"; };
/* End PBXFileReference section */

/* Begin PBXFrameworksBuildPhase section */
		F88E0F092BF906F300C7EE3E /* Frameworks */ = {
			isa = PBXFrameworksBuildPhase;
			buildActionMask = 2147483647;
			files = (
				F88E0F4A2BF907A800C7EE3E /* SwiftySound in Frameworks */,
			);
			runOnlyForDeploymentPostprocessing = 0;
		};
/* End PBXFrameworksBuildPhase section */

/* Begin PBXGroup section */
		F88E0F032BF906F300C7EE3E = {
			isa = PBXGroup;
			children = (
				F88E0F0E2BF906F300C7EE3E /* OfficeHuntAlpha */,
				F88E0F0D2BF906F300C7EE3E /* Products */,
			);
			sourceTree = "<group>";
		};
		F88E0F0D2BF906F300C7EE3E /* Products */ = {
			isa = PBXGroup;
			children = (
				F88E0F0C2BF906F300C7EE3E /* OfficeHuntAlpha.app */,
			);
			name = Products;
			sourceTree = "<group>";
		};
		F88E0F0E2BF906F300C7EE3E /* OfficeHuntAlpha */ = {
			isa = PBXGroup;
			children = (
				F88E0F4B2BF9098F00C7EE3E /* Info.plist */,
				F88E0F0F2BF906F300C7EE3E /* OfficeHuntAlphaApp.swift */,
				F88E0F112BF906F300C7EE3E /* ContentView.swift */,
				F88E0F202BF9071A00C7EE3E /* Camera.swift */,
				F88E0F1E2BF9071A00C7EE3E /* CameraView.swift */,
				F88E0F1F2BF9071A00C7EE3E /* DataModel.swift */,
				F88E0F212BF9071A00C7EE3E /* LeftPlayerInfoView.swift */,
				F88E0F232BF9071A00C7EE3E /* RightPlayerInfoView.swift */,
				F88E0F222BF9071A00C7EE3E /* ViewfinderView.swift */,
				F88E0F412BF9077D00C7EE3E /* AudioResources */,
				F88E0F362BF9076D00C7EE3E /* CustomFonts */,
				F88E0F2D2BF9075D00C7EE3E /* GreenCheck.png */,
				F88E0F2E2BF9075D00C7EE3E /* OfficeHuntLogo.png */,
				F88E0F2C2BF9075D00C7EE3E /* RedCross.png */,
				F88E0F132BF906F400C7EE3E /* Assets.xcassets */,
				F88E0F182BF906F400C7EE3E /* OfficeHuntAlpha.entitlements */,
				F88E0F152BF906F400C7EE3E /* Preview Content */,
			);
			path = OfficeHuntAlpha;
			sourceTree = "<group>";
		};
		F88E0F152BF906F400C7EE3E /* Preview Content */ = {
			isa = PBXGroup;
			children = (
				F88E0F162BF906F400C7EE3E /* Preview Assets.xcassets */,
			);
			path = "Preview Content";
			sourceTree = "<group>";
		};
		F88E0F362BF9076D00C7EE3E /* CustomFonts */ = {
			isa = PBXGroup;
			children = (
				F88E0F322BF9076D00C7EE3E /* LondrinaSolid-Black.ttf */,
				F88E0F332BF9076D00C7EE3E /* LondrinaSolid-Light.ttf */,
				F88E0F342BF9076D00C7EE3E /* LondrinaSolid-Regular.ttf */,
				F88E0F352BF9076D00C7EE3E /* LondrinaSolid-Thin.ttf */,
			);
			path = CustomFonts;
			sourceTree = "<group>";
		};
		F88E0F412BF9077D00C7EE3E /* AudioResources */ = {
			isa = PBXGroup;
			children = (
				F88E0F3B2BF9077D00C7EE3E /* airhorn.mp3 */,
				F88E0F3C2BF9077D00C7EE3E /* dingOnce.mp3 */,
				F88E0F3D2BF9077D00C7EE3E /* femaleCountdown.wav */,
				F88E0F3E2BF9077D00C7EE3E /* initialCountdown.wav */,
				F88E0F3F2BF9077D00C7EE3E /* runamok.mp3 */,
				F88E0F402BF9077D00C7EE3E /* victory.mp3 */,
			);
			path = AudioResources;
			sourceTree = "<group>";
		};
/* End PBXGroup section */

/* Begin PBXNativeTarget section */
		F88E0F0B2BF906F300C7EE3E /* OfficeHuntAlpha */ = {
			isa = PBXNativeTarget;
			buildConfigurationList = F88E0F1B2BF906F400C7EE3E /* Build configuration list for PBXNativeTarget "OfficeHuntAlpha" */;
			buildPhases = (
				F88E0F082BF906F300C7EE3E /* Sources */,
				F88E0F092BF906F300C7EE3E /* Frameworks */,
				F88E0F0A2BF906F300C7EE3E /* Resources */,
			);
			buildRules = (
			);
			dependencies = (
			);
			name = OfficeHuntAlpha;
			packageProductDependencies = (
				F88E0F492BF907A800C7EE3E /* SwiftySound */,
			);
			productName = OfficeHuntAlpha;
			productReference = F88E0F0C2BF906F300C7EE3E /* OfficeHuntAlpha.app */;
			productType = "com.apple.product-type.application";
		};
/* End PBXNativeTarget section */

/* Begin PBXProject section */
		F88E0F042BF906F300C7EE3E /* Project object */ = {
			isa = PBXProject;
			attributes = {
				BuildIndependentTargetsInParallel = 1;
				LastSwiftUpdateCheck = 1530;
				LastUpgradeCheck = 1530;
				TargetAttributes = {
					F88E0F0B2BF906F300C7EE3E = {
						CreatedOnToolsVersion = 15.3;
					};
				};
			};
			buildConfigurationList = F88E0F072BF906F300C7EE3E /* Build configuration list for PBXProject "OfficeHuntAlpha" */;
			compatibilityVersion = "Xcode 14.0";
			developmentRegion = en;
			hasScannedForEncodings = 0;
			knownRegions = (
				en,
				Base,
			);
			mainGroup = F88E0F032BF906F300C7EE3E;
			packageReferences = (
				F88E0F482BF907A800C7EE3E /* XCRemoteSwiftPackageReference "SwiftySound" */,
			);
			productRefGroup = F88E0F0D2BF906F300C7EE3E /* Products */;
			projectDirPath = "";
			projectRoot = "";
			targets = (
				F88E0F0B2BF906F300C7EE3E /* OfficeHuntAlpha */,
			);
		};
/* End PBXProject section */

/* Begin PBXResourcesBuildPhase section */
		F88E0F0A2BF906F300C7EE3E /* Resources */ = {
			isa = PBXResourcesBuildPhase;
			buildActionMask = 2147483647;
			files = (
				F88E0F422BF9077E00C7EE3E /* airhorn.mp3 in Resources */,
				F88E0F302BF9075D00C7EE3E /* GreenCheck.png in Resources */,
				F88E0F312BF9075D00C7EE3E /* OfficeHuntLogo.png in Resources */,
				F88E0F2F2BF9075D00C7EE3E /* RedCross.png in Resources */,
				F88E0F382BF9076D00C7EE3E /* LondrinaSolid-Light.ttf in Resources */,
				F88E0F372BF9076D00C7EE3E /* LondrinaSolid-Black.ttf in Resources */,
				F88E0F3A2BF9076D00C7EE3E /* LondrinaSolid-Thin.ttf in Resources */,
				F88E0F392BF9076D00C7EE3E /* LondrinaSolid-Regular.ttf in Resources */,
				F88E0F452BF9077E00C7EE3E /* initialCountdown.wav in Resources */,
				F88E0F472BF9077E00C7EE3E /* victory.mp3 in Resources */,
				F88E0F462BF9077E00C7EE3E /* runamok.mp3 in Resources */,
				F88E0F432BF9077E00C7EE3E /* dingOnce.mp3 in Resources */,
				F88E0F172BF906F400C7EE3E /* Preview Assets.xcassets in Resources */,
				F88E0F142BF906F400C7EE3E /* Assets.xcassets in Resources */,
				F88E0F442BF9077E00C7EE3E /* femaleCountdown.wav in Resources */,
			);
			runOnlyForDeploymentPostprocessing = 0;
		};
/* End PBXResourcesBuildPhase section */

/* Begin PBXSourcesBuildPhase section */
		F88E0F082BF906F300C7EE3E /* Sources */ = {
			isa = PBXSourcesBuildPhase;
			buildActionMask = 2147483647;
			files = (
				F88E0F282BF9071A00C7EE3E /* LeftPlayerInfoView.swift in Sources */,
				F88E0F252BF9071A00C7EE3E /* CameraView.swift in Sources */,
				F88E0F272BF9071A00C7EE3E /* Camera.swift in Sources */,
				F88E0F262BF9071A00C7EE3E /* DataModel.swift in Sources */,
				F88E0F122BF906F300C7EE3E /* ContentView.swift in Sources */,
				F88E0F102BF906F300C7EE3E /* OfficeHuntAlphaApp.swift in Sources */,
				F88E0F2A2BF9071A00C7EE3E /* RightPlayerInfoView.swift in Sources */,
				F88E0F292BF9071A00C7EE3E /* ViewfinderView.swift in Sources */,
			);
			runOnlyForDeploymentPostprocessing = 0;
		};
/* End PBXSourcesBuildPhase section */

/* Begin XCBuildConfiguration section */
		F88E0F192BF906F400C7EE3E /* Debug */ = {
			isa = XCBuildConfiguration;
			buildSettings = {
				ALWAYS_SEARCH_USER_PATHS = NO;
				ASSETCATALOG_COMPILER_GENERATE_SWIFT_ASSET_SYMBOL_EXTENSIONS = YES;
				CLANG_ANALYZER_NONNULL = YES;
				CLANG_ANALYZER_NUMBER_OBJECT_CONVERSION = YES_AGGRESSIVE;
				CLANG_CXX_LANGUAGE_STANDARD = "gnu++20";
				CLANG_ENABLE_MODULES = YES;
				CLANG_ENABLE_OBJC_ARC = YES;
				CLANG_ENABLE_OBJC_WEAK = YES;
				CLANG_WARN_BLOCK_CAPTURE_AUTORELEASING = YES;
				CLANG_WARN_BOOL_CONVERSION = YES;
				CLANG_WARN_COMMA = YES;
				CLANG_WARN_CONSTANT_CONVERSION = YES;
				CLANG_WARN_DEPRECATED_OBJC_IMPLEMENTATIONS = YES;
				CLANG_WARN_DIRECT_OBJC_ISA_USAGE = YES_ERROR;
				CLANG_WARN_DOCUMENTATION_COMMENTS = YES;
				CLANG_WARN_EMPTY_BODY = YES;
				CLANG_WARN_ENUM_CONVERSION = YES;
				CLANG_WARN_INFINITE_RECURSION = YES;
				CLANG_WARN_INT_CONVERSION = YES;
				CLANG_WARN_NON_LITERAL_NULL_CONVERSION = YES;
				CLANG_WARN_OBJC_IMPLICIT_RETAIN_SELF = YES;
				CLANG_WARN_OBJC_LITERAL_CONVERSION = YES;
				CLANG_WARN_OBJC_ROOT_CLASS = YES_ERROR;
				CLANG_WARN_QUOTED_INCLUDE_IN_FRAMEWORK_HEADER = YES;
				CLANG_WARN_RANGE_LOOP_ANALYSIS = YES;
				CLANG_WARN_STRICT_PROTOTYPES = YES;
				CLANG_WARN_SUSPICIOUS_MOVE = YES;
				CLANG_WARN_UNGUARDED_AVAILABILITY = YES_AGGRESSIVE;
				CLANG_WARN_UNREACHABLE_CODE = YES;
				CLANG_WARN__DUPLICATE_METHOD_MATCH = YES;
				COPY_PHASE_STRIP = NO;
				DEBUG_INFORMATION_FORMAT = dwarf;
				ENABLE_STRICT_OBJC_MSGSEND = YES;
				ENABLE_TESTABILITY = YES;
				ENABLE_USER_SCRIPT_SANDBOXING = YES;
				GCC_C_LANGUAGE_STANDARD = gnu17;
				GCC_DYNAMIC_NO_PIC = NO;
				GCC_NO_COMMON_BLOCKS = YES;
				GCC_OPTIMIZATION_LEVEL = 0;
				GCC_PREPROCESSOR_DEFINITIONS = (
					"DEBUG=1",
					"$(inherited)",
				);
				GCC_WARN_64_TO_32_BIT_CONVERSION = YES;
				GCC_WARN_ABOUT_RETURN_TYPE = YES_ERROR;
				GCC_WARN_UNDECLARED_SELECTOR = YES;
				GCC_WARN_UNINITIALIZED_AUTOS = YES_AGGRESSIVE;
				GCC_WARN_UNUSED_FUNCTION = YES;
				GCC_WARN_UNUSED_VARIABLE = YES;
				LOCALIZATION_PREFERS_STRING_CATALOGS = YES;
				MACOSX_DEPLOYMENT_TARGET = 14.4;
				MTL_ENABLE_DEBUG_INFO = INCLUDE_SOURCE;
				MTL_FAST_MATH = YES;
				ONLY_ACTIVE_ARCH = YES;
				SDKROOT = macosx;
				SWIFT_ACTIVE_COMPILATION_CONDITIONS = "DEBUG $(inherited)";
				SWIFT_OPTIMIZATION_LEVEL = "-Onone";
			};
			name = Debug;
		};
		F88E0F1A2BF906F400C7EE3E /* Release */ = {
			isa = XCBuildConfiguration;
			buildSettings = {
				ALWAYS_SEARCH_USER_PATHS = NO;
				ASSETCATALOG_COMPILER_GENERATE_SWIFT_ASSET_SYMBOL_EXTENSIONS = YES;
				CLANG_ANALYZER_NONNULL = YES;
				CLANG_ANALYZER_NUMBER_OBJECT_CONVERSION = YES_AGGRESSIVE;
				CLANG_CXX_LANGUAGE_STANDARD = "gnu++20";
				CLANG_ENABLE_MODULES = YES;
				CLANG_ENABLE_OBJC_ARC = YES;
				CLANG_ENABLE_OBJC_WEAK = YES;
				CLANG_WARN_BLOCK_CAPTURE_AUTORELEASING = YES;
				CLANG_WARN_BOOL_CONVERSION = YES;
				CLANG_WARN_COMMA = YES;
				CLANG_WARN_CONSTANT_CONVERSION = YES;
				CLANG_WARN_DEPRECATED_OBJC_IMPLEMENTATIONS = YES;
				CLANG_WARN_DIRECT_OBJC_ISA_USAGE = YES_ERROR;
				CLANG_WARN_DOCUMENTATION_COMMENTS = YES;
				CLANG_WARN_EMPTY_BODY = YES;
				CLANG_WARN_ENUM_CONVERSION = YES;
				CLANG_WARN_INFINITE_RECURSION = YES;
				CLANG_WARN_INT_CONVERSION = YES;
				CLANG_WARN_NON_LITERAL_NULL_CONVERSION = YES;
				CLANG_WARN_OBJC_IMPLICIT_RETAIN_SELF = YES;
				CLANG_WARN_OBJC_LITERAL_CONVERSION = YES;
				CLANG_WARN_OBJC_ROOT_CLASS = YES_ERROR;
				CLANG_WARN_QUOTED_INCLUDE_IN_FRAMEWORK_HEADER = YES;
				CLANG_WARN_RANGE_LOOP_ANALYSIS = YES;
				CLANG_WARN_STRICT_PROTOTYPES = YES;
				CLANG_WARN_SUSPICIOUS_MOVE = YES;
				CLANG_WARN_UNGUARDED_AVAILABILITY = YES_AGGRESSIVE;
				CLANG_WARN_UNREACHABLE_CODE = YES;
				CLANG_WARN__DUPLICATE_METHOD_MATCH = YES;
				COPY_PHASE_STRIP = NO;
				DEBUG_INFORMATION_FORMAT = "dwarf-with-dsym";
				ENABLE_NS_ASSERTIONS = NO;
				ENABLE_STRICT_OBJC_MSGSEND = YES;
				ENABLE_USER_SCRIPT_SANDBOXING = YES;
				GCC_C_LANGUAGE_STANDARD = gnu17;
				GCC_NO_COMMON_BLOCKS = YES;
				GCC_WARN_64_TO_32_BIT_CONVERSION = YES;
				GCC_WARN_ABOUT_RETURN_TYPE = YES_ERROR;
				GCC_WARN_UNDECLARED_SELECTOR = YES;
				GCC_WARN_UNINITIALIZED_AUTOS = YES_AGGRESSIVE;
				GCC_WARN_UNUSED_FUNCTION = YES;
				GCC_WARN_UNUSED_VARIABLE = YES;
				LOCALIZATION_PREFERS_STRING_CATALOGS = YES;
				MACOSX_DEPLOYMENT_TARGET = 14.4;
				MTL_ENABLE_DEBUG_INFO = NO;
				MTL_FAST_MATH = YES;
				SDKROOT = macosx;
				SWIFT_COMPILATION_MODE = wholemodule;
			};
			name = Release;
		};
		F88E0F1C2BF906F400C7EE3E /* Debug */ = {
			isa = XCBuildConfiguration;
			buildSettings = {
				ASSETCATALOG_COMPILER_APPICON_NAME = AppIcon;
				ASSETCATALOG_COMPILER_GLOBAL_ACCENT_COLOR_NAME = AccentColor;
				CODE_SIGN_ENTITLEMENTS = OfficeHuntAlpha/OfficeHuntAlpha.entitlements;
				CODE_SIGN_STYLE = Automatic;
				COMBINE_HIDPI_IMAGES = YES;
				CURRENT_PROJECT_VERSION = 1;
				DEVELOPMENT_ASSET_PATHS = "\"OfficeHuntAlpha/Preview Content\"";
				DEVELOPMENT_TEAM = 3F3KZHGXN6;
				ENABLE_HARDENED_RUNTIME = YES;
				ENABLE_PREVIEWS = YES;
				GENERATE_INFOPLIST_FILE = YES;
				INFOPLIST_FILE = OfficeHuntAlpha/Info.plist;
				INFOPLIST_KEY_NSCameraUsageDescription = "For the game we need to access camera";
				INFOPLIST_KEY_NSHumanReadableCopyright = "";
				LD_RUNPATH_SEARCH_PATHS = (
					"$(inherited)",
					"@executable_path/../Frameworks",
				);
				MARKETING_VERSION = 1.0;
				PRODUCT_BUNDLE_IDENTIFIER = bintangnndhy.OfficeHuntAlpha;
				PRODUCT_NAME = "$(TARGET_NAME)";
				SWIFT_EMIT_LOC_STRINGS = YES;
				SWIFT_VERSION = 5.0;
			};
			name = Debug;
		};
		F88E0F1D2BF906F400C7EE3E /* Release */ = {
			isa = XCBuildConfiguration;
			buildSettings = {
				ASSETCATALOG_COMPILER_APPICON_NAME = AppIcon;
				ASSETCATALOG_COMPILER_GLOBAL_ACCENT_COLOR_NAME = AccentColor;
				CODE_SIGN_ENTITLEMENTS = OfficeHuntAlpha/OfficeHuntAlpha.entitlements;
				CODE_SIGN_STYLE = Automatic;
				COMBINE_HIDPI_IMAGES = YES;
				CURRENT_PROJECT_VERSION = 1;
				DEVELOPMENT_ASSET_PATHS = "\"OfficeHuntAlpha/Preview Content\"";
				DEVELOPMENT_TEAM = 3F3KZHGXN6;
				ENABLE_HARDENED_RUNTIME = YES;
				ENABLE_PREVIEWS = YES;
				GENERATE_INFOPLIST_FILE = YES;
				INFOPLIST_FILE = OfficeHuntAlpha/Info.plist;
				INFOPLIST_KEY_NSCameraUsageDescription = "For the game we need to access camera";
				INFOPLIST_KEY_NSHumanReadableCopyright = "";
				LD_RUNPATH_SEARCH_PATHS = (
					"$(inherited)",
					"@executable_path/../Frameworks",
				);
				MARKETING_VERSION = 1.0;
				PRODUCT_BUNDLE_IDENTIFIER = bintangnndhy.OfficeHuntAlpha;
				PRODUCT_NAME = "$(TARGET_NAME)";
				SWIFT_EMIT_LOC_STRINGS = YES;
				SWIFT_VERSION = 5.0;
			};
			name = Release;
		};
/* End XCBuildConfiguration section */

/* Begin XCConfigurationList section */
		F88E0F072BF906F300C7EE3E /* Build configuration list for PBXProject "OfficeHuntAlpha" */ = {
			isa = XCConfigurationList;
			buildConfigurations = (
				F88E0F192BF906F400C7EE3E /* Debug */,
				F88E0F1A2BF906F400C7EE3E /* Release */,
			);
			defaultConfigurationIsVisible = 0;
			defaultConfigurationName = Release;
		};
		F88E0F1B2BF906F400C7EE3E /* Build configuration list for PBXNativeTarget "OfficeHuntAlpha" */ = {
			isa = XCConfigurationList;
			buildConfigurations = (
				F88E0F1C2BF906F400C7EE3E /* Debug */,
				F88E0F1D2BF906F400C7EE3E /* Release */,
			);
			defaultConfigurationIsVisible = 0;
			defaultConfigurationName = Release;
		};
/* End XCConfigurationList section */

/* Begin XCRemoteSwiftPackageReference section */
		F88E0F482BF907A800C7EE3E /* XCRemoteSwiftPackageReference "SwiftySound" */ = {
			isa = XCRemoteSwiftPackageReference;
			repositoryURL = "https://github.com/adamcichy/SwiftySound.git";
			requirement = {
				kind = upToNextMajorVersion;
				minimumVersion = 1.3.0;
			};
		};
/* End XCRemoteSwiftPackageReference section */

/* Begin XCSwiftPackageProductDependency section */
		F88E0F492BF907A800C7EE3E /* SwiftySound */ = {
			isa = XCSwiftPackageProductDependency;
			package = F88E0F482BF907A800C7EE3E /* XCRemoteSwiftPackageReference "SwiftySound" */;
			productName = SwiftySound;
		};
/* End XCSwiftPackageProductDependency section */
	};
	rootObject = F88E0F042BF906F300C7EE3E /* Project object */;
}
